
Microsoft Visual Studio Solution File, Format Version 12.00
# Visual Studio Version 16
VisualStudioVersion = 16.0.30309.148
MinimumVisualStudioVersion = 10.0.40219.1
Project("{FAE04EC0-301F-11D3-BF4B-00C04F79EFBC}") = "Лаб 2", "Лаб 2\Лаб 2.csproj", "{20F19FF8-BBAD-49B4-AA55-2DF65887F7EA}"
EndProject
Global
	GlobalSection(SolutionConfigurationPlatforms) = preSolution
		Debug|Any CPU = Debug|Any CPU
		Release|Any CPU = Release|Any CPU
	EndGlobalSection
	GlobalSection(ProjectConfigurationPlatforms) = postSolution
		{20F19FF8-BBAD-49B4-AA55-2DF65887F7EA}.Debug|Any CPU.ActiveCfg = Debug|Any CPU
		{20F19FF8-BBAD-49B4-AA55-2DF65887F7EA}.Debug|Any CPU.Build.0 = Debug|Any CPU
		{20F19FF8-BBAD-49B4-AA55-2DF65887F7EA}.Release|Any CPU.ActiveCfg = Release|Any CPU
		{20F19FF8-BBAD-49B4-AA55-2DF65887F7EA}.Release|Any CPU.Build.0 = Release|Any CPU
	EndGlobalSection
	GlobalSection(SolutionProperties) = preSolution
		HideSolutionNode = FALSE
	EndGlobalSection
	GlobalSection(ExtensibilityGlobals) = postSolution
		SolutionGuid = {3347F59B-77CB-41F0-B137-7932DED3D0DA}
	EndGlobalSection
EndGlobal
